
Microsoft Visual Studio Solution File, Format Version 12.00
# Visual Studio Version 17
VisualStudioVersion = 17.5.33424.131
MinimumVisualStudioVersion = 10.0.40219.1
Project("{FAE04EC0-301F-11D3-BF4B-00C04F79EFBC}") = "If-else", "If-else\If-else.csproj", "{D3F501BD-34DD-489E-B78B-BE5C1150F308}"
EndProject
Global
	GlobalSection(SolutionConfigurationPlatforms) = preSolution
		Debug|Any CPU = Debug|Any CPU
		Release|Any CPU = Release|Any CPU
	EndGlobalSection
	GlobalSection(ProjectConfigurationPlatforms) = postSolution
		{D3F501BD-34DD-489E-B78B-BE5C1150F308}.Debug|Any CPU.ActiveCfg = Debug|Any CPU
		{D3F501BD-34DD-489E-B78B-BE5C1150F308}.Debug|Any CPU.Build.0 = Debug|Any CPU
		{D3F501BD-34DD-489E-B78B-BE5C1150F308}.Release|Any CPU.ActiveCfg = Release|Any CPU
		{D3F501BD-34DD-489E-B78B-BE5C1150F308}.Release|Any CPU.Build.0 = Release|Any CPU
	EndGlobalSection
	GlobalSection(SolutionProperties) = preSolution
		HideSolutionNode = FALSE
	EndGlobalSection
	GlobalSection(ExtensibilityGlobals) = postSolution
		SolutionGuid = {B9D39B26-CC58-4BA8-B3B0-BD2F0E0ABDA6}
	EndGlobalSection
EndGlobal
